<Solution>
  <Project Path="Chest Storage Organizer/Chest Storage Organizer.csproj" />
  <Project Path="MinecraftStorage.Core/MinecraftStorage.Core.csproj" Id="38d12b57-fd98-4939-9203-26aaabf3e6df" />
  <Project Path="MinecraftStorageApp/MinecraftStorageApp.csproj" Id="e67117b2-a3c6-48b4-b59c-4b4652d93da3" />
</Solution>
